// !$*UTF8*$!
{
	archiveVersion = 1;
	classes = {
	};
	objectVersion = 77;
	objects = {

/* Begin PBXBuildFile section */
		0B546A610CC5B242D607A538 /* ExerciseEditView.swift in Sources */ = {isa = PBXBuildFile; fileRef = 28B136F7F55032C1DF7F9F5A /* ExerciseEditView.swift */; };
		1157C872B57C51AF70839EAC /* WatchConnectivity.framework in Frameworks */ = {isa = PBXBuildFile; fileRef = 6EC9A9CA8272FA635AAF4728 /* WatchConnectivity.framework */; };
		1BA8500BDE3A13ABD5C45378 /* SplitSetWatch.app in Embed Watch Content */ = {isa = PBXBuildFile; fileRef = 3106450A21A58BF7A4680129 /* SplitSetWatch.app */; settings = {ATTRIBUTES = (RemoveHeadersOnCopy, ); }; };
		1FEC772D0C0909C715140C90 /* SplitSetCore in Frameworks */ = {isa = PBXBuildFile; productRef = 1F433237A59CB720F936BD98 /* SplitSetCore */; };
		21CC614AD14BBCCCC70FC34B /* HealthKit.framework in Frameworks */ = {isa = PBXBuildFile; fileRef = 2EDE6C1E9DD6639776563D5D /* HealthKit.framework */; };
		22DE42FF65F84DB4E75707A1 /* ExerciseSetModel.swift in Sources */ = {isa = PBXBuildFile; fileRef = F3F4E30F41BC81FD265DFE5D /* ExerciseSetModel.swift */; };
		25633C78430847EEED88734B /* WorkoutPlayerView.swift in Sources */ = {isa = PBXBuildFile; fileRef = A7EC45DA8FFFC54D9DF9899B /* WorkoutPlayerView.swift */; };
		3C34D57E4141AEDD57ADAADE /* HelpView.swift in Sources */ = {isa = PBXBuildFile; fileRef = E74D23A6B478E6BD3C0D090B /* HelpView.swift */; };
		574A2AEC0E7D0F2C122F6BC6 /* SplitSetCore in Frameworks */ = {isa = PBXBuildFile; productRef = 1E7CEC217F1AE29C9028B516 /* SplitSetCore */; };
		5DE1B80446141C873B37438F /* WorkoutListView.swift in Sources */ = {isa = PBXBuildFile; fileRef = A804500CAB934D66DF62ED76 /* WorkoutListView.swift */; };
		69439DD46A97D733109ABC29 /* WatchConnectivity.framework in Frameworks */ = {isa = PBXBuildFile; fileRef = 6EC9A9CA8272FA635AAF4728 /* WatchConnectivity.framework */; };
		70906D6D0693B0A416BBCAB1 /* ExerciseModel.swift in Sources */ = {isa = PBXBuildFile; fileRef = BFFE42AF0E3761B5EE47DAB3 /* ExerciseModel.swift */; };
		726E1FF6C7674FC79CD18728 /* RestStepView.swift in Sources */ = {isa = PBXBuildFile; fileRef = EE1E2582CDC5AD51079283F1 /* RestStepView.swift */; };
		772E835256709777483199E9 /* WatchConnectivityManager.swift in Sources */ = {isa = PBXBuildFile; fileRef = F427988A76D984A1B88D51EC /* WatchConnectivityManager.swift */; };
		802AA08FC03E973B46FF688B /* Assets.xcassets in Resources */ = {isa = PBXBuildFile; fileRef = E32FC19C9582464665C7D727 /* Assets.xcassets */; };
		9237FD889A6162B4127BF4D4 /* WorkoutModel.swift in Sources */ = {isa = PBXBuildFile; fileRef = 761DE1D42EDE777650E362B3 /* WorkoutModel.swift */; };
		97D4D42F0645CD23E403B3BD /* ExerciseSetEditView.swift in Sources */ = {isa = PBXBuildFile; fileRef = 800F789A97786903C35D9974 /* ExerciseSetEditView.swift */; };
		9ADAD09139AECB37406E4FAB /* WorkoutEditView.swift in Sources */ = {isa = PBXBuildFile; fileRef = 4B2E290D985E191C044229D3 /* WorkoutEditView.swift */; };
		9D7D0AD2BE0DD8E0E5B91490 /* HealthKitManager.swift in Sources */ = {isa = PBXBuildFile; fileRef = 90430761F04405835894970D /* HealthKitManager.swift */; };
		A3B0E2AE8C9711BB187B478E /* SplitSetApp.swift in Sources */ = {isa = PBXBuildFile; fileRef = 0906D9CE5AF29CE5E454A444 /* SplitSetApp.swift */; };
		A6A573D5C1BF23A8BE557D4C /* ContentView.swift in Sources */ = {isa = PBXBuildFile; fileRef = CBFCC0C65D9CC3E389495993 /* ContentView.swift */; };
		A853AB0F7395FD221F3ACB27 /* ContentView.swift in Sources */ = {isa = PBXBuildFile; fileRef = F9D1DBD10DDE4E27C02DC641 /* ContentView.swift */; };
		C3E4A20A6E876A46814F2393 /* PhoneConnectivityManager.swift in Sources */ = {isa = PBXBuildFile; fileRef = 09F851C62FA447998AD22F96 /* PhoneConnectivityManager.swift */; };
		B2D2E223FB9142FEBF6C46AD /* CountdownView.swift in Sources */ = {isa = PBXBuildFile; fileRef = A45A3770EA3145C7ADB66B7268E606C8 /* CountdownView.swift */; };
		CC345DC97A5055A22E2F8E9B /* WeightPickerView.swift in Sources */ = {isa = PBXBuildFile; fileRef = C8C4F68A50CA1F8E686FBEA0 /* WeightPickerView.swift */; };
		D8512D2E994CEB3557957EAC /* SplitSetWatchApp.swift in Sources */ = {isa = PBXBuildFile; fileRef = 4244D368CF6271C246682DCB /* SplitSetWatchApp.swift */; };
		EB8DFAB172F4903C07C40CB5 /* WorkoutDetailView.swift in Sources */ = {isa = PBXBuildFile; fileRef = EAA996EA1A38E1C469E6243A /* WorkoutDetailView.swift */; };
		F9CCD68BA74B1CC422DC0A83 /* WorkoutTransferable.swift in Sources */ = {isa = PBXBuildFile; fileRef = EA8ED7339E888B0DAF2FB520 /* WorkoutTransferable.swift */; };
		F9DCB27F2A5D15F2D64A45F0 /* Assets.xcassets in Resources */ = {isa = PBXBuildFile; fileRef = 95B3A4372F733B9C28BFCA5A /* Assets.xcassets */; };
		FE1AFE91A019DCC5CED95ED7 /* TimedSetView.swift in Sources */ = {isa = PBXBuildFile; fileRef = 1AC7F0D846EE1AAFB389E523 /* TimedSetView.swift */; };
		FEB6CDE1911498DB671371E7 /* LiftStepView.swift in Sources */ = {isa = PBXBuildFile; fileRef = 3C2984A2D70E2B85905CF61B /* LiftStepView.swift */; };
/* End PBXBuildFile section */

/* Begin PBXContainerItemProxy section */
		9CBF792D33B0A0FB30A21A6D /* PBXContainerItemProxy */ = {
			isa = PBXContainerItemProxy;
			containerPortal = 89BF3A8CE5EC394FF47ACD92 /* Project object */;
			proxyType = 1;
			remoteGlobalIDString = 30183EA5E8F422BD6C61DE46;
			remoteInfo = SplitSetWatch;
		};
/* End PBXContainerItemProxy section */

/* Begin PBXCopyFilesBuildPhase section */
		5F647A560CA2EBB97BB4A317 /* Embed Watch Content */ = {
			isa = PBXCopyFilesBuildPhase;
			buildActionMask = 2147483647;
			dstPath = "$(CONTENTS_FOLDER_PATH)/Watch";
			dstSubfolderSpec = 16;
			files = (
				1BA8500BDE3A13ABD5C45378 /* SplitSetWatch.app in Embed Watch Content */,
			);
			name = "Embed Watch Content";
			runOnlyForDeploymentPostprocessing = 0;
		};
/* End PBXCopyFilesBuildPhase section */

/* Begin PBXFileReference section */
		0906D9CE5AF29CE5E454A444 /* SplitSetApp.swift */ = {isa = PBXFileReference; lastKnownFileType = sourcecode.swift; path = SplitSetApp.swift; sourceTree = "<group>"; };
		09F851C62FA447998AD22F96 /* PhoneConnectivityManager.swift */ = {isa = PBXFileReference; lastKnownFileType = sourcecode.swift; path = PhoneConnectivityManager.swift; sourceTree = "<group>"; };
		1AC7F0D846EE1AAFB389E523 /* TimedSetView.swift */ = {isa = PBXFileReference; lastKnownFileType = sourcecode.swift; path = TimedSetView.swift; sourceTree = "<group>"; };
		28B136F7F55032C1DF7F9F5A /* ExerciseEditView.swift */ = {isa = PBXFileReference; lastKnownFileType = sourcecode.swift; path = ExerciseEditView.swift; sourceTree = "<group>"; };
		2EDE6C1E9DD6639776563D5D /* HealthKit.framework */ = {isa = PBXFileReference; lastKnownFileType = wrapper.framework; name = HealthKit.framework; path = System/Library/Frameworks/HealthKit.framework; sourceTree = SDKROOT; };
		3106450A21A58BF7A4680129 /* SplitSetWatch.app */ = {isa = PBXFileReference; explicitFileType = wrapper.application; includeInIndex = 0; path = SplitSetWatch.app; sourceTree = BUILT_PRODUCTS_DIR; };
		3C2984A2D70E2B85905CF61B /* LiftStepView.swift */ = {isa = PBXFileReference; lastKnownFileType = sourcecode.swift; path = LiftStepView.swift; sourceTree = "<group>"; };
		4244D368CF6271C246682DCB /* SplitSetWatchApp.swift */ = {isa = PBXFileReference; lastKnownFileType = sourcecode.swift; path = SplitSetWatchApp.swift; sourceTree = "<group>"; };
		4B2E290D985E191C044229D3 /* WorkoutEditView.swift */ = {isa = PBXFileReference; lastKnownFileType = sourcecode.swift; path = WorkoutEditView.swift; sourceTree = "<group>"; };
		5BCC19B8549699239EC6B348 /* SplitSetCore */ = {isa = PBXFileReference; lastKnownFileType = folder; path = SplitSetCore; sourceTree = SOURCE_ROOT; };
		6EC9A9CA8272FA635AAF4728 /* WatchConnectivity.framework */ = {isa = PBXFileReference; lastKnownFileType = wrapper.framework; name = WatchConnectivity.framework; path = System/Library/Frameworks/WatchConnectivity.framework; sourceTree = SDKROOT; };
		761DE1D42EDE777650E362B3 /* WorkoutModel.swift */ = {isa = PBXFileReference; lastKnownFileType = sourcecode.swift; path = WorkoutModel.swift; sourceTree = "<group>"; };
		800F789A97786903C35D9974 /* ExerciseSetEditView.swift */ = {isa = PBXFileReference; lastKnownFileType = sourcecode.swift; path = ExerciseSetEditView.swift; sourceTree = "<group>"; };
		90430761F04405835894970D /* HealthKitManager.swift */ = {isa = PBXFileReference; lastKnownFileType = sourcecode.swift; path = HealthKitManager.swift; sourceTree = "<group>"; };
		95B3A4372F733B9C28BFCA5A /* Assets.xcassets */ = {isa = PBXFileReference; lastKnownFileType = folder.assetcatalog; path = Assets.xcassets; sourceTree = "<group>"; };
		A7EC45DA8FFFC54D9DF9899B /* WorkoutPlayerView.swift */ = {isa = PBXFileReference; lastKnownFileType = sourcecode.swift; path = WorkoutPlayerView.swift; sourceTree = "<group>"; };
		A804500CAB934D66DF62ED76 /* WorkoutListView.swift */ = {isa = PBXFileReference; lastKnownFileType = sourcecode.swift; path = WorkoutListView.swift; sourceTree = "<group>"; };
		BFFE42AF0E3761B5EE47DAB3 /* ExerciseModel.swift */ = {isa = PBXFileReference; lastKnownFileType = sourcecode.swift; path = ExerciseModel.swift; sourceTree = "<group>"; };
		A45A3770EA3145C7ADB66B7268E606C8 /* CountdownView.swift */ = {isa = PBXFileReference; lastKnownFileType = sourcecode.swift; path = CountdownView.swift; sourceTree = "<group>"; };
		C8C4F68A50CA1F8E686FBEA0 /* WeightPickerView.swift */ = {isa = PBXFileReference; lastKnownFileType = sourcecode.swift; path = WeightPickerView.swift; sourceTree = "<group>"; };
		CBFCC0C65D9CC3E389495993 /* ContentView.swift */ = {isa = PBXFileReference; lastKnownFileType = sourcecode.swift; path = ContentView.swift; sourceTree = "<group>"; };
		DC7000F7EEBE037D122C4A6B /* SplitSet.app */ = {isa = PBXFileReference; explicitFileType = wrapper.application; includeInIndex = 0; path = SplitSet.app; sourceTree = BUILT_PRODUCTS_DIR; };
		E32FC19C9582464665C7D727 /* Assets.xcassets */ = {isa = PBXFileReference; lastKnownFileType = folder.assetcatalog; path = Assets.xcassets; sourceTree = "<group>"; };
		E74D23A6B478E6BD3C0D090B /* HelpView.swift */ = {isa = PBXFileReference; lastKnownFileType = sourcecode.swift; path = HelpView.swift; sourceTree = "<group>"; };
		EA8ED7339E888B0DAF2FB520 /* WorkoutTransferable.swift */ = {isa = PBXFileReference; lastKnownFileType = sourcecode.swift; path = WorkoutTransferable.swift; sourceTree = "<group>"; };
		EAA996EA1A38E1C469E6243A /* WorkoutDetailView.swift */ = {isa = PBXFileReference; lastKnownFileType = sourcecode.swift; path = WorkoutDetailView.swift; sourceTree = "<group>"; };
		EE1E2582CDC5AD51079283F1 /* RestStepView.swift */ = {isa = PBXFileReference; lastKnownFileType = sourcecode.swift; path = RestStepView.swift; sourceTree = "<group>"; };
		F3F4E30F41BC81FD265DFE5D /* ExerciseSetModel.swift */ = {isa = PBXFileReference; lastKnownFileType = sourcecode.swift; path = ExerciseSetModel.swift; sourceTree = "<group>"; };
		F427988A76D984A1B88D51EC /* WatchConnectivityManager.swift */ = {isa = PBXFileReference; lastKnownFileType = sourcecode.swift; path = WatchConnectivityManager.swift; sourceTree = "<group>"; };
		F9D1DBD10DDE4E27C02DC641 /* ContentView.swift */ = {isa = PBXFileReference; lastKnownFileType = sourcecode.swift; path = ContentView.swift; sourceTree = "<group>"; };
/* End PBXFileReference section */

/* Begin PBXFrameworksBuildPhase section */
		A8968689EB621F4D6F332BD3 /* Frameworks */ = {
			isa = PBXFrameworksBuildPhase;
			buildActionMask = 2147483647;
			files = (
				574A2AEC0E7D0F2C122F6BC6 /* SplitSetCore in Frameworks */,
				69439DD46A97D733109ABC29 /* WatchConnectivity.framework in Frameworks */,
				21CC614AD14BBCCCC70FC34B /* HealthKit.framework in Frameworks */,
			);
			runOnlyForDeploymentPostprocessing = 0;
		};
		DEB4CBC289F958BCC87126B0 /* Frameworks */ = {
			isa = PBXFrameworksBuildPhase;
			buildActionMask = 2147483647;
			files = (
				1FEC772D0C0909C715140C90 /* SplitSetCore in Frameworks */,
				1157C872B57C51AF70839EAC /* WatchConnectivity.framework in Frameworks */,
			);
			runOnlyForDeploymentPostprocessing = 0;
		};
/* End PBXFrameworksBuildPhase section */

/* Begin PBXGroup section */
		1F0A4DB954F55E9510A587D8 /* Frameworks */ = {
			isa = PBXGroup;
			children = (
				2EDE6C1E9DD6639776563D5D /* HealthKit.framework */,
				6EC9A9CA8272FA635AAF4728 /* WatchConnectivity.framework */,
			);
			name = Frameworks;
			sourceTree = "<group>";
		};
		66BFE4D2D3653296C8075789 /* Packages */ = {
			isa = PBXGroup;
			children = (
				5BCC19B8549699239EC6B348 /* SplitSetCore */,
			);
			name = Packages;
			sourceTree = "<group>";
		};
		6AE490023282274AD1285BAE /* Products */ = {
			isa = PBXGroup;
			children = (
				DC7000F7EEBE037D122C4A6B /* SplitSet.app */,
				3106450A21A58BF7A4680129 /* SplitSetWatch.app */,
			);
			name = Products;
			sourceTree = "<group>";
		};
		89940063715911090552BF9F /* Sources */ = {
			isa = PBXGroup;
			children = (
				95B3A4372F733B9C28BFCA5A /* Assets.xcassets */,
				CBFCC0C65D9CC3E389495993 /* ContentView.swift */,
				A45A3770EA3145C7ADB66B7268E606C8 /* CountdownView.swift */,
				90430761F04405835894970D /* HealthKitManager.swift */,
				3C2984A2D70E2B85905CF61B /* LiftStepView.swift */,
				EE1E2582CDC5AD51079283F1 /* RestStepView.swift */,
				4244D368CF6271C246682DCB /* SplitSetWatchApp.swift */,
				1AC7F0D846EE1AAFB389E523 /* TimedSetView.swift */,
				F427988A76D984A1B88D51EC /* WatchConnectivityManager.swift */,
				C8C4F68A50CA1F8E686FBEA0 /* WeightPickerView.swift */,
				A7EC45DA8FFFC54D9DF9899B /* WorkoutPlayerView.swift */,
			);
			name = Sources;
			path = SplitSetWatch/Sources;
			sourceTree = "<group>";
		};
		8CDF5B9181A603B700CA6DB0 = {
			isa = PBXGroup;
			children = (
				66BFE4D2D3653296C8075789 /* Packages */,
				99BF466718111734174D828A /* Sources */,
				89940063715911090552BF9F /* Sources */,
				1F0A4DB954F55E9510A587D8 /* Frameworks */,
				6AE490023282274AD1285BAE /* Products */,
			);
			sourceTree = "<group>";
		};
		99BF466718111734174D828A /* Sources */ = {
			isa = PBXGroup;
			children = (
				E32FC19C9582464665C7D727 /* Assets.xcassets */,
				F9D1DBD10DDE4E27C02DC641 /* ContentView.swift */,
				28B136F7F55032C1DF7F9F5A /* ExerciseEditView.swift */,
				BFFE42AF0E3761B5EE47DAB3 /* ExerciseModel.swift */,
				800F789A97786903C35D9974 /* ExerciseSetEditView.swift */,
				F3F4E30F41BC81FD265DFE5D /* ExerciseSetModel.swift */,
				E74D23A6B478E6BD3C0D090B /* HelpView.swift */,
				09F851C62FA447998AD22F96 /* PhoneConnectivityManager.swift */,
				0906D9CE5AF29CE5E454A444 /* SplitSetApp.swift */,
				EAA996EA1A38E1C469E6243A /* WorkoutDetailView.swift */,
				4B2E290D985E191C044229D3 /* WorkoutEditView.swift */,
				A804500CAB934D66DF62ED76 /* WorkoutListView.swift */,
				761DE1D42EDE777650E362B3 /* WorkoutModel.swift */,
				EA8ED7339E888B0DAF2FB520 /* WorkoutTransferable.swift */,
			);
			name = Sources;
			path = SplitSet/Sources;
			sourceTree = "<group>";
		};
/* End PBXGroup section */

/* Begin PBXNativeTarget section */
		30183EA5E8F422BD6C61DE46 /* SplitSetWatch */ = {
			isa = PBXNativeTarget;
			buildConfigurationList = 9C8D9763692E9C31274CA387 /* Build configuration list for PBXNativeTarget "SplitSetWatch" */;
			buildPhases = (
				E4CB514F8871784C31D3167F /* Sources */,
				2E98B410C794E36DAABE89FC /* Resources */,
				A8968689EB621F4D6F332BD3 /* Frameworks */,
			);
			buildRules = (
			);
			dependencies = (
			);
			name = SplitSetWatch;
			packageProductDependencies = (
				1E7CEC217F1AE29C9028B516 /* SplitSetCore */,
			);
			productName = SplitSetWatch;
			productReference = 3106450A21A58BF7A4680129 /* SplitSetWatch.app */;
			productType = "com.apple.product-type.application";
		};
		89ACD9646BB2EED58E093387 /* SplitSet */ = {
			isa = PBXNativeTarget;
			buildConfigurationList = BC6AF91E5913F8537E3CAD15 /* Build configuration list for PBXNativeTarget "SplitSet" */;
			buildPhases = (
				68921E9A9BE361C53D13BF41 /* Sources */,
				F5C877729965EBFFA2692F94 /* Resources */,
				DEB4CBC289F958BCC87126B0 /* Frameworks */,
				5F647A560CA2EBB97BB4A317 /* Embed Watch Content */,
			);
			buildRules = (
			);
			dependencies = (
				603EC91CCEA05B6DE26AA5B9 /* PBXTargetDependency */,
			);
			name = SplitSet;
			packageProductDependencies = (
				1F433237A59CB720F936BD98 /* SplitSetCore */,
			);
			productName = SplitSet;
			productReference = DC7000F7EEBE037D122C4A6B /* SplitSet.app */;
			productType = "com.apple.product-type.application";
		};
/* End PBXNativeTarget section */

/* Begin PBXProject section */
		89BF3A8CE5EC394FF47ACD92 /* Project object */ = {
			isa = PBXProject;
			attributes = {
				BuildIndependentTargetsInParallel = YES;
				LastUpgradeCheck = 1600;
				TargetAttributes = {
					30183EA5E8F422BD6C61DE46 = {
						DevelopmentTeam = 8XN77HKABA;
						ProvisioningStyle = Automatic;
					};
					89ACD9646BB2EED58E093387 = {
						DevelopmentTeam = 8XN77HKABA;
						ProvisioningStyle = Automatic;
					};
				};
			};
			buildConfigurationList = 90D933EBB7C30EE15FC50C51 /* Build configuration list for PBXProject "SplitSet" */;
			developmentRegion = en;
			hasScannedForEncodings = 0;
			knownRegions = (
				Base,
				en,
			);
			mainGroup = 8CDF5B9181A603B700CA6DB0;
			minimizedProjectReferenceProxies = 1;
			packageReferences = (
				002F2D678AD7ED871E84554B /* XCLocalSwiftPackageReference "SplitSetCore" */,
			);
			preferredProjectObjectVersion = 77;
			productRefGroup = 6AE490023282274AD1285BAE /* Products */;
			projectDirPath = "";
			projectRoot = "";
			targets = (
				89ACD9646BB2EED58E093387 /* SplitSet */,
				30183EA5E8F422BD6C61DE46 /* SplitSetWatch */,
			);
		};
/* End PBXProject section */

/* Begin PBXResourcesBuildPhase section */
		2E98B410C794E36DAABE89FC /* Resources */ = {
			isa = PBXResourcesBuildPhase;
			buildActionMask = 2147483647;
			files = (
				F9DCB27F2A5D15F2D64A45F0 /* Assets.xcassets in Resources */,
			);
			runOnlyForDeploymentPostprocessing = 0;
		};
		F5C877729965EBFFA2692F94 /* Resources */ = {
			isa = PBXResourcesBuildPhase;
			buildActionMask = 2147483647;
			files = (
				802AA08FC03E973B46FF688B /* Assets.xcassets in Resources */,
			);
			runOnlyForDeploymentPostprocessing = 0;
		};
/* End PBXResourcesBuildPhase section */

/* Begin PBXSourcesBuildPhase section */
		68921E9A9BE361C53D13BF41 /* Sources */ = {
			isa = PBXSourcesBuildPhase;
			buildActionMask = 2147483647;
			files = (
				A853AB0F7395FD221F3ACB27 /* ContentView.swift in Sources */,
				0B546A610CC5B242D607A538 /* ExerciseEditView.swift in Sources */,
				70906D6D0693B0A416BBCAB1 /* ExerciseModel.swift in Sources */,
				97D4D42F0645CD23E403B3BD /* ExerciseSetEditView.swift in Sources */,
				22DE42FF65F84DB4E75707A1 /* ExerciseSetModel.swift in Sources */,
				3C34D57E4141AEDD57ADAADE /* HelpView.swift in Sources */,
				C3E4A20A6E876A46814F2393 /* PhoneConnectivityManager.swift in Sources */,
				A3B0E2AE8C9711BB187B478E /* SplitSetApp.swift in Sources */,
				EB8DFAB172F4903C07C40CB5 /* WorkoutDetailView.swift in Sources */,
				9ADAD09139AECB37406E4FAB /* WorkoutEditView.swift in Sources */,
				5DE1B80446141C873B37438F /* WorkoutListView.swift in Sources */,
				9237FD889A6162B4127BF4D4 /* WorkoutModel.swift in Sources */,
				F9CCD68BA74B1CC422DC0A83 /* WorkoutTransferable.swift in Sources */,
			);
			runOnlyForDeploymentPostprocessing = 0;
		};
		E4CB514F8871784C31D3167F /* Sources */ = {
			isa = PBXSourcesBuildPhase;
			buildActionMask = 2147483647;
			files = (
				B2D2E223FB9142FEBF6C46AD /* CountdownView.swift in Sources */,
				A6A573D5C1BF23A8BE557D4C /* ContentView.swift in Sources */,
				9D7D0AD2BE0DD8E0E5B91490 /* HealthKitManager.swift in Sources */,
				FEB6CDE1911498DB671371E7 /* LiftStepView.swift in Sources */,
				726E1FF6C7674FC79CD18728 /* RestStepView.swift in Sources */,
				D8512D2E994CEB3557957EAC /* SplitSetWatchApp.swift in Sources */,
				FE1AFE91A019DCC5CED95ED7 /* TimedSetView.swift in Sources */,
				772E835256709777483199E9 /* WatchConnectivityManager.swift in Sources */,
				CC345DC97A5055A22E2F8E9B /* WeightPickerView.swift in Sources */,
				25633C78430847EEED88734B /* WorkoutPlayerView.swift in Sources */,
			);
			runOnlyForDeploymentPostprocessing = 0;
		};
/* End PBXSourcesBuildPhase section */

/* Begin PBXTargetDependency section */
		603EC91CCEA05B6DE26AA5B9 /* PBXTargetDependency */ = {
			isa = PBXTargetDependency;
			target = 30183EA5E8F422BD6C61DE46 /* SplitSetWatch */;
			targetProxy = 9CBF792D33B0A0FB30A21A6D /* PBXContainerItemProxy */;
		};
/* End PBXTargetDependency section */

/* Begin XCBuildConfiguration section */
		077A7A0ECC2D3E40793448A7 /* Release */ = {
			isa = XCBuildConfiguration;
			buildSettings = {
				ALWAYS_SEARCH_USER_PATHS = NO;
				CLANG_ANALYZER_NONNULL = YES;
				CLANG_ANALYZER_NUMBER_OBJECT_CONVERSION = YES_AGGRESSIVE;
				CLANG_CXX_LANGUAGE_STANDARD = "gnu++14";
				CLANG_CXX_LIBRARY = "libc++";
				CLANG_ENABLE_MODULES = YES;
				CLANG_ENABLE_OBJC_ARC = YES;
				CLANG_ENABLE_OBJC_WEAK = YES;
				CLANG_WARN_BLOCK_CAPTURE_AUTORELEASING = YES;
				CLANG_WARN_BOOL_CONVERSION = YES;
				CLANG_WARN_COMMA = YES;
				CLANG_WARN_CONSTANT_CONVERSION = YES;
				CLANG_WARN_DEPRECATED_OBJC_IMPLEMENTATIONS = YES;
				CLANG_WARN_DIRECT_OBJC_ISA_USAGE = YES_ERROR;
				CLANG_WARN_DOCUMENTATION_COMMENTS = YES;
				CLANG_WARN_EMPTY_BODY = YES;
				CLANG_WARN_ENUM_CONVERSION = YES;
				CLANG_WARN_INFINITE_RECURSION = YES;
				CLANG_WARN_INT_CONVERSION = YES;
				CLANG_WARN_NON_LITERAL_NULL_CONVERSION = YES;
				CLANG_WARN_OBJC_IMPLICIT_RETAIN_SELF = YES;
				CLANG_WARN_OBJC_LITERAL_CONVERSION = YES;
				CLANG_WARN_OBJC_ROOT_CLASS = YES_ERROR;
				CLANG_WARN_QUOTED_INCLUDE_IN_FRAMEWORK_HEADER = YES;
				CLANG_WARN_RANGE_LOOP_ANALYSIS = YES;
				CLANG_WARN_STRICT_PROTOTYPES = YES;
				CLANG_WARN_SUSPICIOUS_MOVE = YES;
				CLANG_WARN_UNGUARDED_AVAILABILITY = YES_AGGRESSIVE;
				CLANG_WARN_UNREACHABLE_CODE = YES;
				CLANG_WARN__DUPLICATE_METHOD_MATCH = YES;
				COPY_PHASE_STRIP = NO;
				DEBUG_INFORMATION_FORMAT = "dwarf-with-dsym";
				ENABLE_NS_ASSERTIONS = NO;
				ENABLE_STRICT_OBJC_MSGSEND = YES;
				GCC_C_LANGUAGE_STANDARD = gnu11;
				GCC_NO_COMMON_BLOCKS = YES;
				GCC_WARN_64_TO_32_BIT_CONVERSION = YES;
				GCC_WARN_ABOUT_RETURN_TYPE = YES_ERROR;
				GCC_WARN_UNDECLARED_SELECTOR = YES;
				GCC_WARN_UNINITIALIZED_AUTOS = YES_AGGRESSIVE;
				GCC_WARN_UNUSED_FUNCTION = YES;
				GCC_WARN_UNUSED_VARIABLE = YES;
				IPHONEOS_DEPLOYMENT_TARGET = 17.0;
				MTL_ENABLE_DEBUG_INFO = NO;
				MTL_FAST_MATH = YES;
				PRODUCT_NAME = "$(TARGET_NAME)";
				SWIFT_COMPILATION_MODE = wholemodule;
				SWIFT_OPTIMIZATION_LEVEL = "-O";
				SWIFT_VERSION = 5.0;
				WATCHOS_DEPLOYMENT_TARGET = 10.0;
			};
			name = Release;
		};
		2069A18851DA6D86C9D79EED /* Debug */ = {
			isa = XCBuildConfiguration;
			buildSettings = {
				ALWAYS_SEARCH_USER_PATHS = NO;
				CLANG_ANALYZER_NONNULL = YES;
				CLANG_ANALYZER_NUMBER_OBJECT_CONVERSION = YES_AGGRESSIVE;
				CLANG_CXX_LANGUAGE_STANDARD = "gnu++14";
				CLANG_CXX_LIBRARY = "libc++";
				CLANG_ENABLE_MODULES = YES;
				CLANG_ENABLE_OBJC_ARC = YES;
				CLANG_ENABLE_OBJC_WEAK = YES;
				CLANG_WARN_BLOCK_CAPTURE_AUTORELEASING = YES;
				CLANG_WARN_BOOL_CONVERSION = YES;
				CLANG_WARN_COMMA = YES;
				CLANG_WARN_CONSTANT_CONVERSION = YES;
				CLANG_WARN_DEPRECATED_OBJC_IMPLEMENTATIONS = YES;
				CLANG_WARN_DIRECT_OBJC_ISA_USAGE = YES_ERROR;
				CLANG_WARN_DOCUMENTATION_COMMENTS = YES;
				CLANG_WARN_EMPTY_BODY = YES;
				CLANG_WARN_ENUM_CONVERSION = YES;
				CLANG_WARN_INFINITE_RECURSION = YES;
				CLANG_WARN_INT_CONVERSION = YES;
				CLANG_WARN_NON_LITERAL_NULL_CONVERSION = YES;
				CLANG_WARN_OBJC_IMPLICIT_RETAIN_SELF = YES;
				CLANG_WARN_OBJC_LITERAL_CONVERSION = YES;
				CLANG_WARN_OBJC_ROOT_CLASS = YES_ERROR;
				CLANG_WARN_QUOTED_INCLUDE_IN_FRAMEWORK_HEADER = YES;
				CLANG_WARN_RANGE_LOOP_ANALYSIS = YES;
				CLANG_WARN_STRICT_PROTOTYPES = YES;
				CLANG_WARN_SUSPICIOUS_MOVE = YES;
				CLANG_WARN_UNGUARDED_AVAILABILITY = YES_AGGRESSIVE;
				CLANG_WARN_UNREACHABLE_CODE = YES;
				CLANG_WARN__DUPLICATE_METHOD_MATCH = YES;
				COPY_PHASE_STRIP = NO;
				DEBUG_INFORMATION_FORMAT = dwarf;
				ENABLE_STRICT_OBJC_MSGSEND = YES;
				ENABLE_TESTABILITY = YES;
				GCC_C_LANGUAGE_STANDARD = gnu11;
				GCC_DYNAMIC_NO_PIC = NO;
				GCC_NO_COMMON_BLOCKS = YES;
				GCC_OPTIMIZATION_LEVEL = 0;
				GCC_PREPROCESSOR_DEFINITIONS = (
					"$(inherited)",
					"DEBUG=1",
				);
				GCC_WARN_64_TO_32_BIT_CONVERSION = YES;
				GCC_WARN_ABOUT_RETURN_TYPE = YES_ERROR;
				GCC_WARN_UNDECLARED_SELECTOR = YES;
				GCC_WARN_UNINITIALIZED_AUTOS = YES_AGGRESSIVE;
				GCC_WARN_UNUSED_FUNCTION = YES;
				GCC_WARN_UNUSED_VARIABLE = YES;
				IPHONEOS_DEPLOYMENT_TARGET = 17.0;
				MTL_ENABLE_DEBUG_INFO = INCLUDE_SOURCE;
				MTL_FAST_MATH = YES;
				ONLY_ACTIVE_ARCH = YES;
				PRODUCT_NAME = "$(TARGET_NAME)";
				SWIFT_ACTIVE_COMPILATION_CONDITIONS = DEBUG;
				SWIFT_OPTIMIZATION_LEVEL = "-Onone";
				SWIFT_VERSION = 5.0;
				WATCHOS_DEPLOYMENT_TARGET = 10.0;
			};
			name = Debug;
		};
		486DD528024785A82DF4DAAF /* Release */ = {
			isa = XCBuildConfiguration;
			buildSettings = {
				ASSETCATALOG_COMPILER_APPICON_NAME = AppIcon;
				CODE_SIGN_ENTITLEMENTS = SplitSet/Resources/SplitSet.entitlements;
				CODE_SIGN_IDENTITY = "iPhone Developer";
				CODE_SIGN_STYLE = Automatic;
				CURRENT_PROJECT_VERSION = 27;
				DEVELOPMENT_TEAM = 8XN77HKABA;
				INFOPLIST_FILE = SplitSet/Info.plist;
				IPHONEOS_DEPLOYMENT_TARGET = 17.0;
				LD_RUNPATH_SEARCH_PATHS = (
					"$(inherited)",
					"@executable_path/Frameworks",
				);
				MARKETING_VERSION = 1.0;
				PRODUCT_BUNDLE_IDENTIFIER = com.tlmorgen.splitset;
				SDKROOT = iphoneos;
				SWIFT_VERSION = 5.9;
				TARGETED_DEVICE_FAMILY = "1,2";
				VERSIONING_SYSTEM = "apple-generic";
			};
			name = Release;
		};
		97404FAC76ABBD99E517E6BF /* Debug */ = {
			isa = XCBuildConfiguration;
			buildSettings = {
				ASSETCATALOG_COMPILER_APPICON_NAME = AppIcon;
				CODE_SIGN_ENTITLEMENTS = SplitSetWatch/Resources/SplitSetWatch.entitlements;
				CODE_SIGN_STYLE = Automatic;
				CURRENT_PROJECT_VERSION = 27;
				DEVELOPMENT_TEAM = 8XN77HKABA;
				INFOPLIST_FILE = SplitSetWatch/Info.plist;
				MARKETING_VERSION = 1.0;
				PRODUCT_BUNDLE_IDENTIFIER = com.tlmorgen.splitset.watchkitapp;
				SDKROOT = watchos;
				SKIP_INSTALL = YES;
				SWIFT_VERSION = 5.9;
				TARGETED_DEVICE_FAMILY = 4;
				VERSIONING_SYSTEM = "apple-generic";
				WATCHOS_DEPLOYMENT_TARGET = 10.0;
			};
			name = Debug;
		};
		AE4E8E2063698AB3B91351E8 /* Debug */ = {
			isa = XCBuildConfiguration;
			buildSettings = {
				ASSETCATALOG_COMPILER_APPICON_NAME = AppIcon;
				CODE_SIGN_ENTITLEMENTS = SplitSet/Resources/SplitSet.entitlements;
				CODE_SIGN_IDENTITY = "iPhone Developer";
				CODE_SIGN_STYLE = Automatic;
				CURRENT_PROJECT_VERSION = 27;
				DEVELOPMENT_TEAM = 8XN77HKABA;
				INFOPLIST_FILE = SplitSet/Info.plist;
				IPHONEOS_DEPLOYMENT_TARGET = 17.0;
				LD_RUNPATH_SEARCH_PATHS = (
					"$(inherited)",
					"@executable_path/Frameworks",
				);
				MARKETING_VERSION = 1.0;
				PRODUCT_BUNDLE_IDENTIFIER = com.tlmorgen.splitset;
				SDKROOT = iphoneos;
				SWIFT_VERSION = 5.9;
				TARGETED_DEVICE_FAMILY = "1,2";
				VERSIONING_SYSTEM = "apple-generic";
			};
			name = Debug;
		};
		DA85C95A64E702B8AAA60059 /* Release */ = {
			isa = XCBuildConfiguration;
			buildSettings = {
				ASSETCATALOG_COMPILER_APPICON_NAME = AppIcon;
				CODE_SIGN_ENTITLEMENTS = SplitSetWatch/Resources/SplitSetWatch.entitlements;
				CODE_SIGN_STYLE = Automatic;
				CURRENT_PROJECT_VERSION = 27;
				DEVELOPMENT_TEAM = 8XN77HKABA;
				INFOPLIST_FILE = SplitSetWatch/Info.plist;
				MARKETING_VERSION = 1.0;
				PRODUCT_BUNDLE_IDENTIFIER = com.tlmorgen.splitset.watchkitapp;
				SDKROOT = watchos;
				SKIP_INSTALL = YES;
				SWIFT_VERSION = 5.9;
				TARGETED_DEVICE_FAMILY = 4;
				VERSIONING_SYSTEM = "apple-generic";
				WATCHOS_DEPLOYMENT_TARGET = 10.0;
			};
			name = Release;
		};
/* End XCBuildConfiguration section */

/* Begin XCConfigurationList section */
		90D933EBB7C30EE15FC50C51 /* Build configuration list for PBXProject "SplitSet" */ = {
			isa = XCConfigurationList;
			buildConfigurations = (
				2069A18851DA6D86C9D79EED /* Debug */,
				077A7A0ECC2D3E40793448A7 /* Release */,
			);
			defaultConfigurationIsVisible = 0;
			defaultConfigurationName = Debug;
		};
		9C8D9763692E9C31274CA387 /* Build configuration list for PBXNativeTarget "SplitSetWatch" */ = {
			isa = XCConfigurationList;
			buildConfigurations = (
				97404FAC76ABBD99E517E6BF /* Debug */,
				DA85C95A64E702B8AAA60059 /* Release */,
			);
			defaultConfigurationIsVisible = 0;
			defaultConfigurationName = Debug;
		};
		BC6AF91E5913F8537E3CAD15 /* Build configuration list for PBXNativeTarget "SplitSet" */ = {
			isa = XCConfigurationList;
			buildConfigurations = (
				AE4E8E2063698AB3B91351E8 /* Debug */,
				486DD528024785A82DF4DAAF /* Release */,
			);
			defaultConfigurationIsVisible = 0;
			defaultConfigurationName = Debug;
		};
/* End XCConfigurationList section */

/* Begin XCLocalSwiftPackageReference section */
		002F2D678AD7ED871E84554B /* XCLocalSwiftPackageReference "SplitSetCore" */ = {
			isa = XCLocalSwiftPackageReference;
			relativePath = SplitSetCore;
		};
/* End XCLocalSwiftPackageReference section */

/* Begin XCSwiftPackageProductDependency section */
		1E7CEC217F1AE29C9028B516 /* SplitSetCore */ = {
			isa = XCSwiftPackageProductDependency;
			productName = SplitSetCore;
		};
		1F433237A59CB720F936BD98 /* SplitSetCore */ = {
			isa = XCSwiftPackageProductDependency;
			productName = SplitSetCore;
		};
/* End XCSwiftPackageProductDependency section */
	};
	rootObject = 89BF3A8CE5EC394FF47ACD92 /* Project object */;
}
